{
  "requires": true,
  "lockfileVersion": 1,
  "dependencies": {
    "angular-cookies": {
      "version": "1.8.1",
      "resolved": "https://registry.npmjs.org/angular-cookies/-/angular-cookies-1.8.1.tgz",
      "integrity": "sha512-952lNWW2REfGRwErYB4kLiWCvCE+euaPtIq8iYdZso0T74D6KCz82zSQjO5xnxfIKWMeKp2X2yIMksyH++GZcw=="
    }
  }
}
